
Microsoft Visual Studio Solution File, Format Version 12.00
# Visual Studio Version 16
VisualStudioVersion = 16.0.30225.117
MinimumVisualStudioVersion = 10.0.40219.1
Project("{FAE04EC0-301F-11D3-BF4B-00C04F79EFBC}") = "Identity", "Identity\Identity.csproj", "{01B52A32-73B6-44A7-B179-5ABD7CF58F95}"
EndProject
Global
	GlobalSection(SolutionConfigurationPlatforms) = preSolution
		Debug|Any CPU = Debug|Any CPU
		Release|Any CPU = Release|Any CPU
	EndGlobalSection
	GlobalSection(ProjectConfigurationPlatforms) = postSolution
		{01B52A32-73B6-44A7-B179-5ABD7CF58F95}.Debug|Any CPU.ActiveCfg = Debug|Any CPU
		{01B52A32-73B6-44A7-B179-5ABD7CF58F95}.Debug|Any CPU.Build.0 = Debug|Any CPU
		{01B52A32-73B6-44A7-B179-5ABD7CF58F95}.Release|Any CPU.ActiveCfg = Release|Any CPU
		{01B52A32-73B6-44A7-B179-5ABD7CF58F95}.Release|Any CPU.Build.0 = Release|Any CPU
	EndGlobalSection
	GlobalSection(SolutionProperties) = preSolution
		HideSolutionNode = FALSE
	EndGlobalSection
	GlobalSection(ExtensibilityGlobals) = postSolution
		SolutionGuid = {BAC3713C-1E9E-4273-BB58-F617CEF0B126}
	EndGlobalSection
EndGlobal
